
Microsoft Visual Studio Solution File, Format Version 12.00
# Visual Studio Version 17
VisualStudioVersion = 17.2.32526.322
MinimumVisualStudioVersion = 10.0.40219.1
Project("{FAE04EC0-301F-11D3-BF4B-00C04F79EFBC}") = "NZWalks.API", "NZWalks.API\NZWalks.API.csproj", "{D8ACAB8D-B221-4483-8AEA-747FA179B0CD}"
EndProject
Global
	GlobalSection(SolutionConfigurationPlatforms) = preSolution
		Debug|Any CPU = Debug|Any CPU
		Release|Any CPU = Release|Any CPU
	EndGlobalSection
	GlobalSection(ProjectConfigurationPlatforms) = postSolution
		{D8ACAB8D-B221-4483-8AEA-747FA179B0CD}.Debug|Any CPU.ActiveCfg = Debug|Any CPU
		{D8ACAB8D-B221-4483-8AEA-747FA179B0CD}.Debug|Any CPU.Build.0 = Debug|Any CPU
		{D8ACAB8D-B221-4483-8AEA-747FA179B0CD}.Release|Any CPU.ActiveCfg = Release|Any CPU
		{D8ACAB8D-B221-4483-8AEA-747FA179B0CD}.Release|Any CPU.Build.0 = Release|Any CPU
	EndGlobalSection
	GlobalSection(SolutionProperties) = preSolution
		HideSolutionNode = FALSE
	EndGlobalSection
	GlobalSection(ExtensibilityGlobals) = postSolution
		SolutionGuid = {B1962816-7045-4664-B7FB-F316965B50BA}
	EndGlobalSection
EndGlobal
